
Microsoft Visual Studio Solution File, Format Version 12.00
# Visual Studio 14
VisualStudioVersion = 14.0.25420.1
MinimumVisualStudioVersion = 10.0.40219.1
Project("{FAE04EC0-301F-11D3-BF4B-00C04F79EFBC}") = "PaySlipTest", "PaySlipTest\PaySlipTest.csproj", "{D9013287-A8BB-48B3-A203-7C132CF88663}"
EndProject
Project("{FAE04EC0-301F-11D3-BF4B-00C04F79EFBC}") = "PaySlipGenerator", "PaySlipGenerator\PaySlipGenerator.csproj", "{015BB7FB-4E63-4FC2-B971-0EC02C14BD59}"
EndProject
Global
	GlobalSection(SolutionConfigurationPlatforms) = preSolution
		Debug|Any CPU = Debug|Any CPU
		Release|Any CPU = Release|Any CPU
	EndGlobalSection
	GlobalSection(ProjectConfigurationPlatforms) = postSolution
		{D9013287-A8BB-48B3-A203-7C132CF88663}.Debug|Any CPU.ActiveCfg = Debug|Any CPU
		{D9013287-A8BB-48B3-A203-7C132CF88663}.Debug|Any CPU.Build.0 = Debug|Any CPU
		{D9013287-A8BB-48B3-A203-7C132CF88663}.Release|Any CPU.ActiveCfg = Release|Any CPU
		{D9013287-A8BB-48B3-A203-7C132CF88663}.Release|Any CPU.Build.0 = Release|Any CPU
		{015BB7FB-4E63-4FC2-B971-0EC02C14BD59}.Debug|Any CPU.ActiveCfg = Debug|Any CPU
		{015BB7FB-4E63-4FC2-B971-0EC02C14BD59}.Debug|Any CPU.Build.0 = Debug|Any CPU
		{015BB7FB-4E63-4FC2-B971-0EC02C14BD59}.Release|Any CPU.ActiveCfg = Release|Any CPU
		{015BB7FB-4E63-4FC2-B971-0EC02C14BD59}.Release|Any CPU.Build.0 = Release|Any CPU
	EndGlobalSection
	GlobalSection(SolutionProperties) = preSolution
		HideSolutionNode = FALSE
	EndGlobalSection
EndGlobal
